
Microsoft Visual Studio Solution File, Format Version 12.00
# Visual Studio Version 17
VisualStudioVersion = 17.14.36221.1 d17.14
MinimumVisualStudioVersion = 10.0.40219.1
Project("{FAE04EC0-301F-11D3-BF4B-00C04F79EFBC}") = "MyPortfolio_MVC", "MyPortfolio_MVC\MyPortfolio_MVC.csproj", "{582700BC-E3F8-41E9-B505-741390E88D2C}"
EndProject
Global
	GlobalSection(SolutionConfigurationPlatforms) = preSolution
		Debug|Any CPU = Debug|Any CPU
		Release|Any CPU = Release|Any CPU
	EndGlobalSection
	GlobalSection(ProjectConfigurationPlatforms) = postSolution
		{582700BC-E3F8-41E9-B505-741390E88D2C}.Debug|Any CPU.ActiveCfg = Debug|Any CPU
		{582700BC-E3F8-41E9-B505-741390E88D2C}.Debug|Any CPU.Build.0 = Debug|Any CPU
		{582700BC-E3F8-41E9-B505-741390E88D2C}.Release|Any CPU.ActiveCfg = Release|Any CPU
		{582700BC-E3F8-41E9-B505-741390E88D2C}.Release|Any CPU.Build.0 = Release|Any CPU
	EndGlobalSection
	GlobalSection(SolutionProperties) = preSolution
		HideSolutionNode = FALSE
	EndGlobalSection
	GlobalSection(ExtensibilityGlobals) = postSolution
		SolutionGuid = {ABEAA5F2-1FA5-4130-8EFE-C00757166FC6}
	EndGlobalSection
EndGlobal
